{
  "name": "satellite-view",
  "version": "1.1.0",
  "lockfileVersion": 1,
  "requires": true,
  "dependencies": {
    "@types/node": {
      "version": "13.11.1",
      "resolved": "https://registry.npmjs.org/@types/node/-/node-13.11.1.tgz",
      "integrity": "sha512-eWQGP3qtxwL8FGneRrC5DwrJLGN4/dH1clNTuLfN81HCrxVtxRjygDTUoZJ5ASlDEeo0ppYFQjQIlXhtXpOn6g==",
      "dev": true
    },
    "@types/resolve": {
      "version": "0.0.8",
      "resolved": "https://registry.npmjs.org/@types/resolve/-/resolve-0.0.8.tgz",
      "integrity": "sha512-auApPaJf3NPfe18hSoJkp8EbZzer2ISk7o8mCC3M9he/a04+gbMF97NkpD2S8riMGvm4BMRI59/SZQSaLTKpsQ==",
      "dev": true,
      "requires": {
        "@types/node": "*"
      }
    },
    "builtin-modules": {
      "version": "3.1.0",
      "resolved": "https://registry.npmjs.org/builtin-modules/-/builtin-modules-3.1.0.tgz",
      "integrity": "sha512-k0KL0aWZuBt2lrxrcASWDfwOLMnodeQjodT/1SxEQAXsHANgo6ZC/VEaSEHCXt7aSTZ4/4H5LKa+tBXmW7Vtvw==",
      "dev": true
    },
    "chunked-queue": {
      "version": "0.1.2",
      "resolved": "https://registry.npmjs.org/chunked-queue/-/chunked-queue-0.1.2.tgz",
      "integrity": "sha512-H/8Eb81ItMYlJS5gsLte3Z1Vt7MsoQuSZnz/pZiioFVuD5o2YSoHFZXOP9tqIO6iyU5OeuzGywzPTSOR4rTcKA==",
      "dev": true,
      "requires": {
        "zero-timeout": "0.0.4"
      }
    },
    "d3-color": {
      "version": "1.4.1",
      "resolved": "https://registry.npmjs.org/d3-color/-/d3-color-1.4.1.tgz",
      "integrity": "sha512-p2sTHSLCJI2QKunbGb7ocOh7DgTAn8IrLx21QRc/BSnodXM4sv6aLQlnfpvehFMLZEfBc6g9pH9SWQccFYfJ9Q==",
      "dev": true
    },
    "d3-tile": {
      "version": "github:GlobeletJS/d3-tile#2f0d6e7f211453e36b13fe64e1e5449554277dcc",
      "from": "github:GlobeletJS/d3-tile",
      "dev": true
    },
    "earcut": {
      "version": "2.2.2",
      "resolved": "https://registry.npmjs.org/earcut/-/earcut-2.2.2.tgz",
      "integrity": "sha512-eZoZPPJcUHnfRZ0PjLvx2qBordSiO8ofC3vt+qACLM95u+4DovnbYNpQtJh0DNsWj8RnxrQytD4WA8gj5cRIaQ==",
      "dev": true
    },
    "estree-walker": {
      "version": "0.6.1",
      "resolved": "https://registry.npmjs.org/estree-walker/-/estree-walker-0.6.1.tgz",
      "integrity": "sha512-SqmZANLWS0mnatqbSfRP5g8OXZC12Fgg1IwNtLsyHDzJizORW4khDfjPqJZsemPWBB2uqykUah5YpQ6epsqC/w==",
      "dev": true
    },
    "fsevents": {
      "version": "2.1.2",
      "resolved": "https://registry.npmjs.org/fsevents/-/fsevents-2.1.2.tgz",
      "integrity": "sha512-R4wDiBwZ0KzpgOWetKDug1FZcYhqYnUYKtfZYt4mD5SBz76q0KR4Q9o7GIPamsVPGmW3EYPPJ0dOOjvx32ldZA==",
      "dev": true,
      "optional": true
    },
    "geojson-vt": {
      "version": "3.2.1",
      "resolved": "https://registry.npmjs.org/geojson-vt/-/geojson-vt-3.2.1.tgz",
      "integrity": "sha512-EvGQQi/zPrDA6zr6BnJD/YhwAkBP8nnJ9emh3EnHQKVMfg/MRVtPbMYdgVy/IaEmn4UfagD2a6fafPDL5hbtwg==",
      "dev": true
    },
    "gl-matrix": {
      "version": "3.3.0",
      "resolved": "https://registry.npmjs.org/gl-matrix/-/gl-matrix-3.3.0.tgz",
      "integrity": "sha512-COb7LDz+SXaHtl/h4LeaFcNdJdAQSDeVqjiIihSXNrkWObZLhDI4hIkZC11Aeqp7bcE72clzB0BnDXr2SmslRA==",
      "dev": true
    },
    "ieee754": {
      "version": "1.2.1",
      "resolved": "https://registry.npmjs.org/ieee754/-/ieee754-1.2.1.tgz",
      "integrity": "sha512-dcyqhDvX1C46lXZcVqCpK+FtMRQVdIMN6/Df5js2zouUsqG7I6sFxitIC+7KYK29KdXOLHdu9zL4sFnoVQnqaA==",
      "dev": true
    },
    "is-module": {
      "version": "1.0.0",
      "resolved": "https://registry.npmjs.org/is-module/-/is-module-1.0.0.tgz",
      "integrity": "sha1-Mlj7afeMFNW4FdZkM2tM/7ZEFZE=",
      "dev": true
    },
    "path-parse": {
      "version": "1.0.6",
      "resolved": "https://registry.npmjs.org/path-parse/-/path-parse-1.0.6.tgz",
      "integrity": "sha512-GSmOT2EbHrINBf9SR7CDELwlJ8AENk3Qn7OikK4nFYAu3Ote2+JYNVvkpAEQm3/TLNEJFD/xZJjzyxg3KBWOzw==",
      "dev": true
    },
    "pbf": {
      "version": "3.2.1",
      "resolved": "https://registry.npmjs.org/pbf/-/pbf-3.2.1.tgz",
      "integrity": "sha512-ClrV7pNOn7rtmoQVF4TS1vyU0WhYRnP92fzbfF75jAIwpnzdJXf8iTd4CMEqO4yUenH6NDqLiwjqlh6QgZzgLQ==",
      "dev": true,
      "requires": {
        "ieee754": "^1.1.12",
        "resolve-protobuf-schema": "^2.1.0"
      }
    },
    "potpack": {
      "version": "1.0.1",
      "resolved": "https://registry.npmjs.org/potpack/-/potpack-1.0.1.tgz",
      "integrity": "sha512-15vItUAbViaYrmaB/Pbw7z6qX2xENbFSTA7Ii4tgbPtasxm5v6ryKhKtL91tpWovDJzTiZqdwzhcFBCwiMVdVw==",
      "dev": true
    },
    "protocol-buffers-schema": {
      "version": "3.4.0",
      "resolved": "https://registry.npmjs.org/protocol-buffers-schema/-/protocol-buffers-schema-3.4.0.tgz",
      "integrity": "sha512-G/2kcamPF2S49W5yaMGdIpkG6+5wZF0fzBteLKgEHjbNzqjZQ85aAs1iJGto31EJaSTkNvHs5IXuHSaTLWBAiA==",
      "dev": true
    },
    "quickselect": {
      "version": "2.0.0",
      "resolved": "https://registry.npmjs.org/quickselect/-/quickselect-2.0.0.tgz",
      "integrity": "sha512-RKJ22hX8mHe3Y6wH/N3wCM6BWtjaxIyyUIkpHOvfFnxdI4yD4tBXEBKSbriGujF6jnSVkJrffuo6vxACiSSxIw==",
      "dev": true
    },
    "rbush": {
      "version": "3.0.1",
      "resolved": "https://registry.npmjs.org/rbush/-/rbush-3.0.1.tgz",
      "integrity": "sha512-XRaVO0YecOpEuIvbhbpTrZgoiI6xBlz6hnlr6EHhd+0x9ase6EmeN+hdwwUaJvLcsFFQ8iWVF1GAK1yB0BWi0w==",
      "dev": true,
      "requires": {
        "quickselect": "^2.0.0"
      }
    },
    "resolve": {
      "version": "1.12.0",
      "resolved": "https://registry.npmjs.org/resolve/-/resolve-1.12.0.tgz",
      "integrity": "sha512-B/dOmuoAik5bKcD6s6nXDCjzUKnaDvdkRyAk6rsmsKLipWj4797iothd7jmmUhWTfinVMU+wc56rYKsit2Qy4w==",
      "dev": true,
      "requires": {
        "path-parse": "^1.0.6"
      }
    },
    "resolve-protobuf-schema": {
      "version": "2.1.0",
      "resolved": "https://registry.npmjs.org/resolve-protobuf-schema/-/resolve-protobuf-schema-2.1.0.tgz",
      "integrity": "sha512-kI5ffTiZWmJaS/huM8wZfEMer1eRd7oJQhDuxeCLe3t7N7mX3z94CN0xPxBQxFYQTSNz9T0i+v6inKqSdK8xrQ==",
      "dev": true,
      "requires": {
        "protocol-buffers-schema": "^3.3.1"
      }
    },
    "rollup": {
      "version": "2.4.0",
      "resolved": "https://registry.npmjs.org/rollup/-/rollup-2.4.0.tgz",
      "integrity": "sha512-dYE2ZKl9+kxuFKDaaSuauZjIPa8hcKDqI7WrOq1pTXYG4GJw+6ypLifGIvCKw5yJpSmuFohuimYpg0wfRXTCLw==",
      "dev": true,
      "requires": {
        "fsevents": "~2.1.2"
      }
    },
    "rollup-plugin-node-resolve": {
      "version": "5.2.0",
      "resolved": "https://registry.npmjs.org/rollup-plugin-node-resolve/-/rollup-plugin-node-resolve-5.2.0.tgz",
      "integrity": "sha512-jUlyaDXts7TW2CqQ4GaO5VJ4PwwaV8VUGA7+km3n6k6xtOEacf61u0VXwN80phY/evMcaS+9eIeJ9MOyDxt5Zw==",
      "dev": true,
      "requires": {
        "@types/resolve": "0.0.8",
        "builtin-modules": "^3.1.0",
        "is-module": "^1.0.0",
        "resolve": "^1.11.1",
        "rollup-pluginutils": "^2.8.1"
      }
    },
    "rollup-pluginutils": {
      "version": "2.8.2",
      "resolved": "https://registry.npmjs.org/rollup-pluginutils/-/rollup-pluginutils-2.8.2.tgz",
      "integrity": "sha512-EEp9NhnUkwY8aif6bxgovPHMoMoNr2FulJziTndpt5H9RdwC47GSGuII9XxpSdzVGM0GWrNPHV6ie1LTNJPaLQ==",
      "dev": true,
      "requires": {
        "estree-walker": "^0.6.1"
      }
    },
    "sdf-manager": {
      "version": "0.0.6",
      "resolved": "https://registry.npmjs.org/sdf-manager/-/sdf-manager-0.0.6.tgz",
      "integrity": "sha512-K/9z0WruGC7RywHZRu3wfqUXh7GQnDhcnqi/ap+pcTMICSfCtyvJ0Xkbyj4++vilbdabxBGv8nyr0OQej2lMPA==",
      "dev": true,
      "requires": {
        "potpack": "^1.0.1"
      }
    },
    "tile-frame": {
      "version": "1.1.0",
      "resolved": "https://registry.npmjs.org/tile-frame/-/tile-frame-1.1.0.tgz",
      "integrity": "sha512-CCE0ShA0pPKpsOT2+cVSPI9HkvDRpkaOyIc403632jFlprlNEO+TV/BhqUztyVHtqenXDjF0r283xqY8eGuccw==",
      "dev": true
    },
    "tile-gl": {
      "version": "github:GlobeletJS/tile-gl#e3b30aaacf241260dd36dd8b1c3369b3ffe63fb7",
      "from": "github:GlobeletJS/tile-gl",
      "dev": true,
      "requires": {
        "earcut": "^2.2.2",
        "gl-matrix": "^3.3.0",
        "tile-labeler": "github:GlobeletJS/tile-labeler",
        "yawgl": "github:GlobeletJS/yawgl"
      }
    },
    "tile-labeler": {
      "version": "github:GlobeletJS/tile-labeler#68c740eeafd2fea024a93eb8c6f124ad0f951c49",
      "from": "github:GlobeletJS/tile-labeler",
      "dev": true,
      "requires": {
        "sdf-manager": "0.0.6"
      }
    },
    "tile-mixer": {
      "version": "github:GlobeletJS/tile-mixer#d8a7ca6e89fc726f3c298793eac34fad12ed5376",
      "from": "github:GlobeletJS/tile-mixer",
      "dev": true,
      "requires": {
        "chunked-queue": "^0.1.2",
        "geojson-vt": "^3.2.1",
        "pbf": "^3.2.1",
        "rbush": "^3.0.1",
        "tile-gl": "github:GlobeletJS/tile-gl",
        "tile-labeler": "github:GlobeletJS/tile-labeler",
        "tile-stencil": "^0.3.1",
        "vector-tile-esm": "^2.1.2"
      }
    },
    "tile-rack": {
      "version": "0.2.1",
      "resolved": "https://registry.npmjs.org/tile-rack/-/tile-rack-0.2.1.tgz",
      "integrity": "sha512-hsVCoI7MdJwWndQGHB7hSRtGNXAXtHAtuON+CQ2JibksKgErIJPALlZ4fe7JLb3RXa6BgepmGyxtB44SANyG1Q==",
      "dev": true
    },
    "tile-setter": {
      "version": "github:GlobeletJS/tile-setter#1de843abc4c11b61a1ac80bd5dee8b261ea5c460",
      "from": "github:GlobeletJS/tile-setter",
      "dev": true,
      "requires": {
        "chunked-queue": "^0.1.2",
        "d3-tile": "github:GlobeletJS/d3-tile",
        "tile-gl": "github:GlobeletJS/tile-gl",
        "tile-mixer": "github:GlobeletJS/tile-mixer",
        "tile-rack": "^1.0.2",
        "tile-stencil": "^0.3.1"
      },
      "dependencies": {
        "tile-rack": {
          "version": "1.0.2",
          "resolved": "https://registry.npmjs.org/tile-rack/-/tile-rack-1.0.2.tgz",
          "integrity": "sha512-+OZHBM/ZmOop3avd+UL3+4ZKIHfna/wDZGx9mNybPsogu3qNK5PBb9yB8KLNxqcH+olNL7V1vP+nYikIm+CNqA==",
          "dev": true
        }
      }
    },
    "tile-stencil": {
      "version": "0.3.1",
      "resolved": "https://registry.npmjs.org/tile-stencil/-/tile-stencil-0.3.1.tgz",
      "integrity": "sha512-8WsDE8/+XwoU4Hoo5xKEbFcMi2vCUHgtfK2YxtPSlWJjO20kA2gV0OX6gkffOD+dwxtpb3yGGKOFp1VoPViW4A==",
      "dev": true,
      "requires": {
        "d3-color": "^1.4.1"
      }
    },
    "vector-tile-esm": {
      "version": "2.1.2",
      "resolved": "https://registry.npmjs.org/vector-tile-esm/-/vector-tile-esm-2.1.2.tgz",
      "integrity": "sha512-l0doLJsMkZz5DWEewK9oh5Dp3iqO8lgKcpy+IxasckrQ/AjyyZxZCN1NRLZRROdjHt8aqf1gMuwq8e6Mi9f5Pw==",
      "dev": true
    },
    "yawgl": {
      "version": "github:GlobeletJS/yawgl#338e11da04c9a4dde10865dafd043a8ebecd2610",
      "from": "github:GlobeletJS/yawgl"
    },
    "zero-timeout": {
      "version": "0.0.4",
      "resolved": "https://registry.npmjs.org/zero-timeout/-/zero-timeout-0.0.4.tgz",
      "integrity": "sha512-4h06hMvy6JavCQZCKwiw6Jq0pt3UIL2vsQTKQ6UR5DAp3rnfknDn1ybkwx4YzQ+2vjOnamAETqox+8ma9wy7mw==",
      "dev": true
    }
  }
}
